
Microsoft Visual Studio Solution File, Format Version 10.00
# Visual Studio 2008
Project("{FAE04EC0-301F-11D3-BF4B-00C04F79EFBC}") = "Forms", "Forms.csproj", "{86C02F4B-9131-4D88-9DB9-AA46599A451D}"
EndProject
Global
	GlobalSection(SolutionConfigurationPlatforms) = preSolution
		Debug|Any CPU = Debug|Any CPU
		Release|Any CPU = Release|Any CPU
	EndGlobalSection
	GlobalSection(ProjectConfigurationPlatforms) = postSolution
		{86C02F4B-9131-4D88-9DB9-AA46599A451D}.Debug|Any CPU.ActiveCfg = Debug|Any CPU
		{86C02F4B-9131-4D88-9DB9-AA46599A451D}.Debug|Any CPU.Build.0 = Debug|Any CPU
		{86C02F4B-9131-4D88-9DB9-AA46599A451D}.Release|Any CPU.ActiveCfg = Release|Any CPU
		{86C02F4B-9131-4D88-9DB9-AA46599A451D}.Release|Any CPU.Build.0 = Release|Any CPU
	EndGlobalSection
	GlobalSection(SolutionProperties) = preSolution
		HideSolutionNode = FALSE
	EndGlobalSection
EndGlobal
